Microsoft Visual Studio Solution File, Format Version 11.00
# Visual Studio 2008

Project("{4D6D91B1-797A-AD52-F98D-B63D197959A6}") = "VG", "Assembly-CSharp-firstpass.csproj", "{4F0123DC-8387-917B-DA8A-134CDEDF381F}"
EndProject
Project("{4D6D91B1-797A-AD52-F98D-B63D197959A6}") = "VG", "Assembly-CSharp.csproj", "{567568E0-F531-01EE-25DF-94EDA415B85C}"
EndProject
Project("{4D6D91B1-797A-AD52-F98D-B63D197959A6}") = "VG", "Assembly-CSharp-Editor-firstpass.csproj", "{395B9B37-8D97-4573-CBE0-BB1702E9A3AE}"
EndProject
Project("{4D6D91B1-797A-AD52-F98D-B63D197959A6}") = "VG", "Assembly-CSharp-Editor.csproj", "{B394A5CA-F191-98F5-0635-792BF0006DDD}"
EndProject
Global
	GlobalSection(SolutionConfigurationPlatforms) = preSolution
		Debug|Any CPU = Debug|Any CPU
		Release|Any CPU = Release|Any CPU
	EndGlobalSection
	GlobalSection(ProjectConfigurationPlatforms) = postSolution
		{4F0123DC-8387-917B-DA8A-134CDEDF381F}.Debug|Any CPU.ActiveCfg = Debug|Any CPU
		{4F0123DC-8387-917B-DA8A-134CDEDF381F}.Debug|Any CPU.Build.0 = Debug|Any CPU
		{4F0123DC-8387-917B-DA8A-134CDEDF381F}.Release|Any CPU.ActiveCfg = Release|Any CPU
		{4F0123DC-8387-917B-DA8A-134CDEDF381F}.Release|Any CPU.Build.0 = Release|Any CPU
		{567568E0-F531-01EE-25DF-94EDA415B85C}.Debug|Any CPU.ActiveCfg = Debug|Any CPU
		{567568E0-F531-01EE-25DF-94EDA415B85C}.Debug|Any CPU.Build.0 = Debug|Any CPU
		{567568E0-F531-01EE-25DF-94EDA415B85C}.Release|Any CPU.ActiveCfg = Release|Any CPU
		{567568E0-F531-01EE-25DF-94EDA415B85C}.Release|Any CPU.Build.0 = Release|Any CPU
		{395B9B37-8D97-4573-CBE0-BB1702E9A3AE}.Debug|Any CPU.ActiveCfg = Debug|Any CPU
		{395B9B37-8D97-4573-CBE0-BB1702E9A3AE}.Debug|Any CPU.Build.0 = Debug|Any CPU
		{395B9B37-8D97-4573-CBE0-BB1702E9A3AE}.Release|Any CPU.ActiveCfg = Release|Any CPU
		{395B9B37-8D97-4573-CBE0-BB1702E9A3AE}.Release|Any CPU.Build.0 = Release|Any CPU
		{B394A5CA-F191-98F5-0635-792BF0006DDD}.Debug|Any CPU.ActiveCfg = Debug|Any CPU
		{B394A5CA-F191-98F5-0635-792BF0006DDD}.Debug|Any CPU.Build.0 = Debug|Any CPU
		{B394A5CA-F191-98F5-0635-792BF0006DDD}.Release|Any CPU.ActiveCfg = Release|Any CPU
		{B394A5CA-F191-98F5-0635-792BF0006DDD}.Release|Any CPU.Build.0 = Release|Any CPU
	EndGlobalSection
	GlobalSection(SolutionProperties) = preSolution
		HideSolutionNode = FALSE
	EndGlobalSection
	GlobalSection(MonoDevelopProperties) = preSolution
		StartupItem = Assembly-CSharp.csproj
	EndGlobalSection
EndGlobal
